
Microsoft Visual Studio Solution File, Format Version 12.00
# Visual Studio Version 17
VisualStudioVersion = 17.0.32014.148
MinimumVisualStudioVersion = 10.0.40219.1
Project("{9A19103F-16F7-4668-BE54-9A1E7A4F7556}") = "AgriMarketSoft", "AgriMarketSoft\AgriMarketSoft.csproj", "{302F58C1-8BC1-4CB9-AC94-14A7A8F4B62C}"
EndProject
Project("{9A19103F-16F7-4668-BE54-9A1E7A4F7556}") = "Agri.Connect", "Agri.Connect\Agri.Connect.csproj", "{BE616317-8FFF-44D3-B509-84DE45CD6223}"
EndProject
Project("{9A19103F-16F7-4668-BE54-9A1E7A4F7556}") = "Agri.Business", "Agri.Business\Agri.Business.csproj", "{4DBAF61A-0411-4AD3-A9AC-DB533D16357D}"
EndProject
Project("{9A19103F-16F7-4668-BE54-9A1E7A4F7556}") = "Agri.Core", "Agri.Core\Agri.Core.csproj", "{CADB5A3F-EC35-4DF6-B976-D3C2ED36FB42}"
EndProject
Global
	GlobalSection(SolutionConfigurationPlatforms) = preSolution
		Debug|Any CPU = Debug|Any CPU
		Release|Any CPU = Release|Any CPU
	EndGlobalSection
	GlobalSection(ProjectConfigurationPlatforms) = postSolution
		{302F58C1-8BC1-4CB9-AC94-14A7A8F4B62C}.Debug|Any CPU.ActiveCfg = Debug|Any CPU
		{302F58C1-8BC1-4CB9-AC94-14A7A8F4B62C}.Debug|Any CPU.Build.0 = Debug|Any CPU
		{302F58C1-8BC1-4CB9-AC94-14A7A8F4B62C}.Release|Any CPU.ActiveCfg = Release|Any CPU
		{302F58C1-8BC1-4CB9-AC94-14A7A8F4B62C}.Release|Any CPU.Build.0 = Release|Any CPU
		{BE616317-8FFF-44D3-B509-84DE45CD6223}.Debug|Any CPU.ActiveCfg = Debug|Any CPU
		{BE616317-8FFF-44D3-B509-84DE45CD6223}.Debug|Any CPU.Build.0 = Debug|Any CPU
		{BE616317-8FFF-44D3-B509-84DE45CD6223}.Release|Any CPU.ActiveCfg = Release|Any CPU
		{BE616317-8FFF-44D3-B509-84DE45CD6223}.Release|Any CPU.Build.0 = Release|Any CPU
		{4DBAF61A-0411-4AD3-A9AC-DB533D16357D}.Debug|Any CPU.ActiveCfg = Debug|Any CPU
		{4DBAF61A-0411-4AD3-A9AC-DB533D16357D}.Debug|Any CPU.Build.0 = Debug|Any CPU
		{4DBAF61A-0411-4AD3-A9AC-DB533D16357D}.Release|Any CPU.ActiveCfg = Release|Any CPU
		{4DBAF61A-0411-4AD3-A9AC-DB533D16357D}.Release|Any CPU.Build.0 = Release|Any CPU
		{CADB5A3F-EC35-4DF6-B976-D3C2ED36FB42}.Debug|Any CPU.ActiveCfg = Debug|Any CPU
		{CADB5A3F-EC35-4DF6-B976-D3C2ED36FB42}.Debug|Any CPU.Build.0 = Debug|Any CPU
		{CADB5A3F-EC35-4DF6-B976-D3C2ED36FB42}.Release|Any CPU.ActiveCfg = Release|Any CPU
		{CADB5A3F-EC35-4DF6-B976-D3C2ED36FB42}.Release|Any CPU.Build.0 = Release|Any CPU
	EndGlobalSection
	GlobalSection(SolutionProperties) = preSolution
		HideSolutionNode = FALSE
	EndGlobalSection
	GlobalSection(ExtensibilityGlobals) = postSolution
		SolutionGuid = {06CE5A6F-9F55-48AC-9290-12E34D7CA5FF}
	EndGlobalSection
EndGlobal
